
Microsoft Visual Studio Solution File, Format Version 12.00
# Visual Studio 14
VisualStudioVersion = 14.0.25123.0
MinimumVisualStudioVersion = 10.0.40219.1
Project("{FAE04EC0-301F-11D3-BF4B-00C04F79EFBC}") = "Company.Welcome", "Company.Welcome\Company.Welcome.csproj", "{E8DA6BC8-46D6-4976-A7C3-2E3E9BA1B593}"
EndProject
Project("{FAE04EC0-301F-11D3-BF4B-00C04F79EFBC}") = "Company.Welcome.Core", "Company.Welcome.Core\Company.Welcome.Core.csproj", "{89C7747B-8C1E-4F85-8631-ED46C150D40B}"
EndProject
Project("{FAE04EC0-301F-11D3-BF4B-00C04F79EFBC}") = "Company.Welcome.ViewModels", "Company.Welcome.ViewModels\Company.Welcome.ViewModels.csproj", "{EE2102D0-5536-454C-9C81-54784B66F2EE}"
EndProject
Project("{FAE04EC0-301F-11D3-BF4B-00C04F79EFBC}") = "Company.Welcome.Views", "Company.Welcome.Views\Company.Welcome.Views.csproj", "{DFDE7913-D3F5-4589-9F78-7DB5A3212ADE}"
EndProject
Project("{2150E333-8FDC-42A3-9474-1A3956D46DE8}") = "1-App", "1-App", "{EB700AFB-9D46-4C00-B280-5F56C00507AE}"
EndProject
Project("{2150E333-8FDC-42A3-9474-1A3956D46DE8}") = "2-Presentation", "2-Presentation", "{9E6F4087-A557-4098-9312-CA85D413F379}"
EndProject
Project("{2150E333-8FDC-42A3-9474-1A3956D46DE8}") = "3-Core", "3-Core", "{5D6271FD-F2B3-46A5-9EC4-9F02DF90B0BF}"
EndProject
Project("{FAE04EC0-301F-11D3-BF4B-00C04F79EFBC}") = "Company.Welcome.Business", "Company.Welcome.Business\Company.Welcome.Business.csproj", "{3BBAAEA2-F08D-4741-AB57-82C15C9CCE13}"
EndProject
Project("{FAE04EC0-301F-11D3-BF4B-00C04F79EFBC}") = "Company.Welcome.Business.Impl", "Company.Welcome.Business.Impl\Company.Welcome.Business.Impl.csproj", "{BAEE247A-55FB-4F49-8074-E0A72FC73131}"
EndProject
Project("{FAE04EC0-301F-11D3-BF4B-00C04F79EFBC}") = "Company.Welcome.Ral", "Company.Welcome.Ral\Company.Welcome.Ral.csproj", "{F3FD0EB6-712A-4AC5-B309-A449FD549ACC}"
EndProject
Project("{FAE04EC0-301F-11D3-BF4B-00C04F79EFBC}") = "Company.Welcome.Ral.Impl", "Company.Welcome.Ral.Impl\Company.Welcome.Ral.Impl.csproj", "{CCAF896D-1794-4B57-A170-38210CD8679D}"
EndProject
Project("{2150E333-8FDC-42A3-9474-1A3956D46DE8}") = "5-Commons", "5-Commons", "{152C43FA-8D4E-47CA-83CA-00E5CAC0E442}"
EndProject
Project("{FAE04EC0-301F-11D3-BF4B-00C04F79EFBC}") = "Company.Welcome.Commons", "Company.Welcome.Commons\Company.Welcome.Commons.csproj", "{C7048B35-AB88-414C-8D56-08B783B7F092}"
EndProject
Project("{2150E333-8FDC-42A3-9474-1A3956D46DE8}") = "4-Data", "4-Data", "{74E4C5FE-E5C5-452F-A4B8-18DD7BC9563F}"
EndProject
Project("{FAE04EC0-301F-11D3-BF4B-00C04F79EFBC}") = "Company.Welcome.Entities", "Company.Welcome.Entities\Company.Welcome.Entities.csproj", "{1C2D3C0B-FAB7-4C8A-8F6B-380C920E5A36}"
EndProject
Project("{FAE04EC0-301F-11D3-BF4B-00C04F79EFBC}") = "Company.Welcome.Dtos", "Company.Welcome.Dtos\Company.Welcome.Dtos.csproj", "{8D7A2E06-5078-4F19-8FD2-EFB6078D35C5}"
EndProject
Global
	GlobalSection(SolutionConfigurationPlatforms) = preSolution
		Debug|Any CPU = Debug|Any CPU
		Debug|ARM = Debug|ARM
		Debug|x64 = Debug|x64
		Debug|x86 = Debug|x86
		Release|Any CPU = Release|Any CPU
		Release|ARM = Release|ARM
		Release|x64 = Release|x64
		Release|x86 = Release|x86
	EndGlobalSection
	GlobalSection(ProjectConfigurationPlatforms) = postSolution
		{E8DA6BC8-46D6-4976-A7C3-2E3E9BA1B593}.Debug|Any CPU.ActiveCfg = Debug|x86
		{E8DA6BC8-46D6-4976-A7C3-2E3E9BA1B593}.Debug|Any CPU.Build.0 = Debug|x86
		{E8DA6BC8-46D6-4976-A7C3-2E3E9BA1B593}.Debug|Any CPU.Deploy.0 = Debug|x86
		{E8DA6BC8-46D6-4976-A7C3-2E3E9BA1B593}.Debug|ARM.ActiveCfg = Debug|ARM
		{E8DA6BC8-46D6-4976-A7C3-2E3E9BA1B593}.Debug|ARM.Build.0 = Debug|ARM
		{E8DA6BC8-46D6-4976-A7C3-2E3E9BA1B593}.Debug|ARM.Deploy.0 = Debug|ARM
		{E8DA6BC8-46D6-4976-A7C3-2E3E9BA1B593}.Debug|x64.ActiveCfg = Debug|x64
		{E8DA6BC8-46D6-4976-A7C3-2E3E9BA1B593}.Debug|x64.Build.0 = Debug|x64
		{E8DA6BC8-46D6-4976-A7C3-2E3E9BA1B593}.Debug|x64.Deploy.0 = Debug|x64
		{E8DA6BC8-46D6-4976-A7C3-2E3E9BA1B593}.Debug|x86.ActiveCfg = Debug|x86
		{E8DA6BC8-46D6-4976-A7C3-2E3E9BA1B593}.Debug|x86.Build.0 = Debug|x86
		{E8DA6BC8-46D6-4976-A7C3-2E3E9BA1B593}.Debug|x86.Deploy.0 = Debug|x86
		{E8DA6BC8-46D6-4976-A7C3-2E3E9BA1B593}.Release|Any CPU.ActiveCfg = Release|x86
		{E8DA6BC8-46D6-4976-A7C3-2E3E9BA1B593}.Release|Any CPU.Build.0 = Release|x86
		{E8DA6BC8-46D6-4976-A7C3-2E3E9BA1B593}.Release|Any CPU.Deploy.0 = Release|x86
		{E8DA6BC8-46D6-4976-A7C3-2E3E9BA1B593}.Release|ARM.ActiveCfg = Release|ARM
		{E8DA6BC8-46D6-4976-A7C3-2E3E9BA1B593}.Release|ARM.Build.0 = Release|ARM
		{E8DA6BC8-46D6-4976-A7C3-2E3E9BA1B593}.Release|ARM.Deploy.0 = Release|ARM
		{E8DA6BC8-46D6-4976-A7C3-2E3E9BA1B593}.Release|x64.ActiveCfg = Release|x64
		{E8DA6BC8-46D6-4976-A7C3-2E3E9BA1B593}.Release|x64.Build.0 = Release|x64
		{E8DA6BC8-46D6-4976-A7C3-2E3E9BA1B593}.Release|x64.Deploy.0 = Release|x64
		{E8DA6BC8-46D6-4976-A7C3-2E3E9BA1B593}.Release|x86.ActiveCfg = Release|x86
		{E8DA6BC8-46D6-4976-A7C3-2E3E9BA1B593}.Release|x86.Build.0 = Release|x86
		{E8DA6BC8-46D6-4976-A7C3-2E3E9BA1B593}.Release|x86.Deploy.0 = Release|x86
		{89C7747B-8C1E-4F85-8631-ED46C150D40B}.Debug|Any CPU.ActiveCfg = Debug|Any CPU
		{89C7747B-8C1E-4F85-8631-ED46C150D40B}.Debug|Any CPU.Build.0 = Debug|Any CPU
		{89C7747B-8C1E-4F85-8631-ED46C150D40B}.Debug|ARM.ActiveCfg = Debug|ARM
		{89C7747B-8C1E-4F85-8631-ED46C150D40B}.Debug|ARM.Build.0 = Debug|ARM
		{89C7747B-8C1E-4F85-8631-ED46C150D40B}.Debug|x64.ActiveCfg = Debug|x64
		{89C7747B-8C1E-4F85-8631-ED46C150D40B}.Debug|x64.Build.0 = Debug|x64
		{89C7747B-8C1E-4F85-8631-ED46C150D40B}.Debug|x86.ActiveCfg = Debug|x86
		{89C7747B-8C1E-4F85-8631-ED46C150D40B}.Debug|x86.Build.0 = Debug|x86
		{89C7747B-8C1E-4F85-8631-ED46C150D40B}.Release|Any CPU.ActiveCfg = Release|Any CPU
		{89C7747B-8C1E-4F85-8631-ED46C150D40B}.Release|Any CPU.Build.0 = Release|Any CPU
		{89C7747B-8C1E-4F85-8631-ED46C150D40B}.Release|ARM.ActiveCfg = Release|ARM
		{89C7747B-8C1E-4F85-8631-ED46C150D40B}.Release|ARM.Build.0 = Release|ARM
		{89C7747B-8C1E-4F85-8631-ED46C150D40B}.Release|x64.ActiveCfg = Release|x64
		{89C7747B-8C1E-4F85-8631-ED46C150D40B}.Release|x64.Build.0 = Release|x64
		{89C7747B-8C1E-4F85-8631-ED46C150D40B}.Release|x86.ActiveCfg = Release|x86
		{89C7747B-8C1E-4F85-8631-ED46C150D40B}.Release|x86.Build.0 = Release|x86
		{EE2102D0-5536-454C-9C81-54784B66F2EE}.Debug|Any CPU.ActiveCfg = Debug|Any CPU
		{EE2102D0-5536-454C-9C81-54784B66F2EE}.Debug|Any CPU.Build.0 = Debug|Any CPU
		{EE2102D0-5536-454C-9C81-54784B66F2EE}.Debug|ARM.ActiveCfg = Debug|ARM
		{EE2102D0-5536-454C-9C81-54784B66F2EE}.Debug|ARM.Build.0 = Debug|ARM
		{EE2102D0-5536-454C-9C81-54784B66F2EE}.Debug|x64.ActiveCfg = Debug|x64
		{EE2102D0-5536-454C-9C81-54784B66F2EE}.Debug|x64.Build.0 = Debug|x64
		{EE2102D0-5536-454C-9C81-54784B66F2EE}.Debug|x86.ActiveCfg = Debug|x86
		{EE2102D0-5536-454C-9C81-54784B66F2EE}.Debug|x86.Build.0 = Debug|x86
		{EE2102D0-5536-454C-9C81-54784B66F2EE}.Release|Any CPU.ActiveCfg = Release|Any CPU
		{EE2102D0-5536-454C-9C81-54784B66F2EE}.Release|Any CPU.Build.0 = Release|Any CPU
		{EE2102D0-5536-454C-9C81-54784B66F2EE}.Release|ARM.ActiveCfg = Release|ARM
		{EE2102D0-5536-454C-9C81-54784B66F2EE}.Release|ARM.Build.0 = Release|ARM
		{EE2102D0-5536-454C-9C81-54784B66F2EE}.Release|x64.ActiveCfg = Release|x64
		{EE2102D0-5536-454C-9C81-54784B66F2EE}.Release|x64.Build.0 = Release|x64
		{EE2102D0-5536-454C-9C81-54784B66F2EE}.Release|x86.ActiveCfg = Release|x86
		{EE2102D0-5536-454C-9C81-54784B66F2EE}.Release|x86.Build.0 = Release|x86
		{DFDE7913-D3F5-4589-9F78-7DB5A3212ADE}.Debug|Any CPU.ActiveCfg = Debug|Any CPU
		{DFDE7913-D3F5-4589-9F78-7DB5A3212ADE}.Debug|Any CPU.Build.0 = Debug|Any CPU
		{DFDE7913-D3F5-4589-9F78-7DB5A3212ADE}.Debug|ARM.ActiveCfg = Debug|ARM
		{DFDE7913-D3F5-4589-9F78-7DB5A3212ADE}.Debug|ARM.Build.0 = Debug|ARM
		{DFDE7913-D3F5-4589-9F78-7DB5A3212ADE}.Debug|x64.ActiveCfg = Debug|x64
		{DFDE7913-D3F5-4589-9F78-7DB5A3212ADE}.Debug|x64.Build.0 = Debug|x64
		{DFDE7913-D3F5-4589-9F78-7DB5A3212ADE}.Debug|x86.ActiveCfg = Debug|x86
		{DFDE7913-D3F5-4589-9F78-7DB5A3212ADE}.Debug|x86.Build.0 = Debug|x86
		{DFDE7913-D3F5-4589-9F78-7DB5A3212ADE}.Release|Any CPU.ActiveCfg = Release|Any CPU
		{DFDE7913-D3F5-4589-9F78-7DB5A3212ADE}.Release|Any CPU.Build.0 = Release|Any CPU
		{DFDE7913-D3F5-4589-9F78-7DB5A3212ADE}.Release|ARM.ActiveCfg = Release|ARM
		{DFDE7913-D3F5-4589-9F78-7DB5A3212ADE}.Release|ARM.Build.0 = Release|ARM
		{DFDE7913-D3F5-4589-9F78-7DB5A3212ADE}.Release|x64.ActiveCfg = Release|x64
		{DFDE7913-D3F5-4589-9F78-7DB5A3212ADE}.Release|x64.Build.0 = Release|x64
		{DFDE7913-D3F5-4589-9F78-7DB5A3212ADE}.Release|x86.ActiveCfg = Release|x86
		{DFDE7913-D3F5-4589-9F78-7DB5A3212ADE}.Release|x86.Build.0 = Release|x86
		{3BBAAEA2-F08D-4741-AB57-82C15C9CCE13}.Debug|Any CPU.ActiveCfg = Debug|Any CPU
		{3BBAAEA2-F08D-4741-AB57-82C15C9CCE13}.Debug|Any CPU.Build.0 = Debug|Any CPU
		{3BBAAEA2-F08D-4741-AB57-82C15C9CCE13}.Debug|ARM.ActiveCfg = Debug|ARM
		{3BBAAEA2-F08D-4741-AB57-82C15C9CCE13}.Debug|ARM.Build.0 = Debug|ARM
		{3BBAAEA2-F08D-4741-AB57-82C15C9CCE13}.Debug|x64.ActiveCfg = Debug|x64
		{3BBAAEA2-F08D-4741-AB57-82C15C9CCE13}.Debug|x64.Build.0 = Debug|x64
		{3BBAAEA2-F08D-4741-AB57-82C15C9CCE13}.Debug|x86.ActiveCfg = Debug|x86
		{3BBAAEA2-F08D-4741-AB57-82C15C9CCE13}.Debug|x86.Build.0 = Debug|x86
		{3BBAAEA2-F08D-4741-AB57-82C15C9CCE13}.Release|Any CPU.ActiveCfg = Release|Any CPU
		{3BBAAEA2-F08D-4741-AB57-82C15C9CCE13}.Release|Any CPU.Build.0 = Release|Any CPU
		{3BBAAEA2-F08D-4741-AB57-82C15C9CCE13}.Release|ARM.ActiveCfg = Release|ARM
		{3BBAAEA2-F08D-4741-AB57-82C15C9CCE13}.Release|ARM.Build.0 = Release|ARM
		{3BBAAEA2-F08D-4741-AB57-82C15C9CCE13}.Release|x64.ActiveCfg = Release|x64
		{3BBAAEA2-F08D-4741-AB57-82C15C9CCE13}.Release|x64.Build.0 = Release|x64
		{3BBAAEA2-F08D-4741-AB57-82C15C9CCE13}.Release|x86.ActiveCfg = Release|x86
		{3BBAAEA2-F08D-4741-AB57-82C15C9CCE13}.Release|x86.Build.0 = Release|x86
		{BAEE247A-55FB-4F49-8074-E0A72FC73131}.Debug|Any CPU.ActiveCfg = Debug|Any CPU
		{BAEE247A-55FB-4F49-8074-E0A72FC73131}.Debug|Any CPU.Build.0 = Debug|Any CPU
		{BAEE247A-55FB-4F49-8074-E0A72FC73131}.Debug|ARM.ActiveCfg = Debug|ARM
		{BAEE247A-55FB-4F49-8074-E0A72FC73131}.Debug|ARM.Build.0 = Debug|ARM
		{BAEE247A-55FB-4F49-8074-E0A72FC73131}.Debug|x64.ActiveCfg = Debug|x64
		{BAEE247A-55FB-4F49-8074-E0A72FC73131}.Debug|x64.Build.0 = Debug|x64
		{BAEE247A-55FB-4F49-8074-E0A72FC73131}.Debug|x86.ActiveCfg = Debug|x86
		{BAEE247A-55FB-4F49-8074-E0A72FC73131}.Debug|x86.Build.0 = Debug|x86
		{BAEE247A-55FB-4F49-8074-E0A72FC73131}.Release|Any CPU.ActiveCfg = Release|Any CPU
		{BAEE247A-55FB-4F49-8074-E0A72FC73131}.Release|Any CPU.Build.0 = Release|Any CPU
		{BAEE247A-55FB-4F49-8074-E0A72FC73131}.Release|ARM.ActiveCfg = Release|ARM
		{BAEE247A-55FB-4F49-8074-E0A72FC73131}.Release|ARM.Build.0 = Release|ARM
		{BAEE247A-55FB-4F49-8074-E0A72FC73131}.Release|x64.ActiveCfg = Release|x64
		{BAEE247A-55FB-4F49-8074-E0A72FC73131}.Release|x64.Build.0 = Release|x64
		{BAEE247A-55FB-4F49-8074-E0A72FC73131}.Release|x86.ActiveCfg = Release|x86
		{BAEE247A-55FB-4F49-8074-E0A72FC73131}.Release|x86.Build.0 = Release|x86
		{F3FD0EB6-712A-4AC5-B309-A449FD549ACC}.Debug|Any CPU.ActiveCfg = Debug|Any CPU
		{F3FD0EB6-712A-4AC5-B309-A449FD549ACC}.Debug|Any CPU.Build.0 = Debug|Any CPU
		{F3FD0EB6-712A-4AC5-B309-A449FD549ACC}.Debug|ARM.ActiveCfg = Debug|ARM
		{F3FD0EB6-712A-4AC5-B309-A449FD549ACC}.Debug|ARM.Build.0 = Debug|ARM
		{F3FD0EB6-712A-4AC5-B309-A449FD549ACC}.Debug|x64.ActiveCfg = Debug|x64
		{F3FD0EB6-712A-4AC5-B309-A449FD549ACC}.Debug|x64.Build.0 = Debug|x64
		{F3FD0EB6-712A-4AC5-B309-A449FD549ACC}.Debug|x86.ActiveCfg = Debug|x86
		{F3FD0EB6-712A-4AC5-B309-A449FD549ACC}.Debug|x86.Build.0 = Debug|x86
		{F3FD0EB6-712A-4AC5-B309-A449FD549ACC}.Release|Any CPU.ActiveCfg = Release|Any CPU
		{F3FD0EB6-712A-4AC5-B309-A449FD549ACC}.Release|Any CPU.Build.0 = Release|Any CPU
		{F3FD0EB6-712A-4AC5-B309-A449FD549ACC}.Release|ARM.ActiveCfg = Release|ARM
		{F3FD0EB6-712A-4AC5-B309-A449FD549ACC}.Release|ARM.Build.0 = Release|ARM
		{F3FD0EB6-712A-4AC5-B309-A449FD549ACC}.Release|x64.ActiveCfg = Release|x64
		{F3FD0EB6-712A-4AC5-B309-A449FD549ACC}.Release|x64.Build.0 = Release|x64
		{F3FD0EB6-712A-4AC5-B309-A449FD549ACC}.Release|x86.ActiveCfg = Release|x86
		{F3FD0EB6-712A-4AC5-B309-A449FD549ACC}.Release|x86.Build.0 = Release|x86
		{CCAF896D-1794-4B57-A170-38210CD8679D}.Debug|Any CPU.ActiveCfg = Debug|Any CPU
		{CCAF896D-1794-4B57-A170-38210CD8679D}.Debug|Any CPU.Build.0 = Debug|Any CPU
		{CCAF896D-1794-4B57-A170-38210CD8679D}.Debug|ARM.ActiveCfg = Debug|ARM
		{CCAF896D-1794-4B57-A170-38210CD8679D}.Debug|ARM.Build.0 = Debug|ARM
		{CCAF896D-1794-4B57-A170-38210CD8679D}.Debug|x64.ActiveCfg = Debug|x64
		{CCAF896D-1794-4B57-A170-38210CD8679D}.Debug|x64.Build.0 = Debug|x64
		{CCAF896D-1794-4B57-A170-38210CD8679D}.Debug|x86.ActiveCfg = Debug|x86
		{CCAF896D-1794-4B57-A170-38210CD8679D}.Debug|x86.Build.0 = Debug|x86
		{CCAF896D-1794-4B57-A170-38210CD8679D}.Release|Any CPU.ActiveCfg = Release|Any CPU
		{CCAF896D-1794-4B57-A170-38210CD8679D}.Release|Any CPU.Build.0 = Release|Any CPU
		{CCAF896D-1794-4B57-A170-38210CD8679D}.Release|ARM.ActiveCfg = Release|ARM
		{CCAF896D-1794-4B57-A170-38210CD8679D}.Release|ARM.Build.0 = Release|ARM
		{CCAF896D-1794-4B57-A170-38210CD8679D}.Release|x64.ActiveCfg = Release|x64
		{CCAF896D-1794-4B57-A170-38210CD8679D}.Release|x64.Build.0 = Release|x64
		{CCAF896D-1794-4B57-A170-38210CD8679D}.Release|x86.ActiveCfg = Release|x86
		{CCAF896D-1794-4B57-A170-38210CD8679D}.Release|x86.Build.0 = Release|x86
		{C7048B35-AB88-414C-8D56-08B783B7F092}.Debug|Any CPU.ActiveCfg = Debug|Any CPU
		{C7048B35-AB88-414C-8D56-08B783B7F092}.Debug|Any CPU.Build.0 = Debug|Any CPU
		{C7048B35-AB88-414C-8D56-08B783B7F092}.Debug|ARM.ActiveCfg = Debug|ARM
		{C7048B35-AB88-414C-8D56-08B783B7F092}.Debug|ARM.Build.0 = Debug|ARM
		{C7048B35-AB88-414C-8D56-08B783B7F092}.Debug|x64.ActiveCfg = Debug|x64
		{C7048B35-AB88-414C-8D56-08B783B7F092}.Debug|x64.Build.0 = Debug|x64
		{C7048B35-AB88-414C-8D56-08B783B7F092}.Debug|x86.ActiveCfg = Debug|x86
		{C7048B35-AB88-414C-8D56-08B783B7F092}.Debug|x86.Build.0 = Debug|x86
		{C7048B35-AB88-414C-8D56-08B783B7F092}.Release|Any CPU.ActiveCfg = Release|Any CPU
		{C7048B35-AB88-414C-8D56-08B783B7F092}.Release|Any CPU.Build.0 = Release|Any CPU
		{C7048B35-AB88-414C-8D56-08B783B7F092}.Release|ARM.ActiveCfg = Release|ARM
		{C7048B35-AB88-414C-8D56-08B783B7F092}.Release|ARM.Build.0 = Release|ARM
		{C7048B35-AB88-414C-8D56-08B783B7F092}.Release|x64.ActiveCfg = Release|x64
		{C7048B35-AB88-414C-8D56-08B783B7F092}.Release|x64.Build.0 = Release|x64
		{C7048B35-AB88-414C-8D56-08B783B7F092}.Release|x86.ActiveCfg = Release|x86
		{C7048B35-AB88-414C-8D56-08B783B7F092}.Release|x86.Build.0 = Release|x86
		{1C2D3C0B-FAB7-4C8A-8F6B-380C920E5A36}.Debug|Any CPU.ActiveCfg = Debug|Any CPU
		{1C2D3C0B-FAB7-4C8A-8F6B-380C920E5A36}.Debug|Any CPU.Build.0 = Debug|Any CPU
		{1C2D3C0B-FAB7-4C8A-8F6B-380C920E5A36}.Debug|ARM.ActiveCfg = Debug|ARM
		{1C2D3C0B-FAB7-4C8A-8F6B-380C920E5A36}.Debug|ARM.Build.0 = Debug|ARM
		{1C2D3C0B-FAB7-4C8A-8F6B-380C920E5A36}.Debug|x64.ActiveCfg = Debug|x64
		{1C2D3C0B-FAB7-4C8A-8F6B-380C920E5A36}.Debug|x64.Build.0 = Debug|x64
		{1C2D3C0B-FAB7-4C8A-8F6B-380C920E5A36}.Debug|x86.ActiveCfg = Debug|x86
		{1C2D3C0B-FAB7-4C8A-8F6B-380C920E5A36}.Debug|x86.Build.0 = Debug|x86
		{1C2D3C0B-FAB7-4C8A-8F6B-380C920E5A36}.Release|Any CPU.ActiveCfg = Release|Any CPU
		{1C2D3C0B-FAB7-4C8A-8F6B-380C920E5A36}.Release|Any CPU.Build.0 = Release|Any CPU
		{1C2D3C0B-FAB7-4C8A-8F6B-380C920E5A36}.Release|ARM.ActiveCfg = Release|ARM
		{1C2D3C0B-FAB7-4C8A-8F6B-380C920E5A36}.Release|ARM.Build.0 = Release|ARM
		{1C2D3C0B-FAB7-4C8A-8F6B-380C920E5A36}.Release|x64.ActiveCfg = Release|x64
		{1C2D3C0B-FAB7-4C8A-8F6B-380C920E5A36}.Release|x64.Build.0 = Release|x64
		{1C2D3C0B-FAB7-4C8A-8F6B-380C920E5A36}.Release|x86.ActiveCfg = Release|x86
		{1C2D3C0B-FAB7-4C8A-8F6B-380C920E5A36}.Release|x86.Build.0 = Release|x86
		{8D7A2E06-5078-4F19-8FD2-EFB6078D35C5}.Debug|Any CPU.ActiveCfg = Debug|Any CPU
		{8D7A2E06-5078-4F19-8FD2-EFB6078D35C5}.Debug|Any CPU.Build.0 = Debug|Any CPU
		{8D7A2E06-5078-4F19-8FD2-EFB6078D35C5}.Debug|ARM.ActiveCfg = Debug|ARM
		{8D7A2E06-5078-4F19-8FD2-EFB6078D35C5}.Debug|ARM.Build.0 = Debug|ARM
		{8D7A2E06-5078-4F19-8FD2-EFB6078D35C5}.Debug|x64.ActiveCfg = Debug|x64
		{8D7A2E06-5078-4F19-8FD2-EFB6078D35C5}.Debug|x64.Build.0 = Debug|x64
		{8D7A2E06-5078-4F19-8FD2-EFB6078D35C5}.Debug|x86.ActiveCfg = Debug|x86
		{8D7A2E06-5078-4F19-8FD2-EFB6078D35C5}.Debug|x86.Build.0 = Debug|x86
		{8D7A2E06-5078-4F19-8FD2-EFB6078D35C5}.Release|Any CPU.ActiveCfg = Release|Any CPU
		{8D7A2E06-5078-4F19-8FD2-EFB6078D35C5}.Release|Any CPU.Build.0 = Release|Any CPU
		{8D7A2E06-5078-4F19-8FD2-EFB6078D35C5}.Release|ARM.ActiveCfg = Release|ARM
		{8D7A2E06-5078-4F19-8FD2-EFB6078D35C5}.Release|ARM.Build.0 = Release|ARM
		{8D7A2E06-5078-4F19-8FD2-EFB6078D35C5}.Release|x64.ActiveCfg = Release|x64
		{8D7A2E06-5078-4F19-8FD2-EFB6078D35C5}.Release|x64.Build.0 = Release|x64
		{8D7A2E06-5078-4F19-8FD2-EFB6078D35C5}.Release|x86.ActiveCfg = Release|x86
		{8D7A2E06-5078-4F19-8FD2-EFB6078D35C5}.Release|x86.Build.0 = Release|x86
	EndGlobalSection
	GlobalSection(SolutionProperties) = preSolution
		HideSolutionNode = FALSE
	EndGlobalSection
	GlobalSection(NestedProjects) = preSolution
		{E8DA6BC8-46D6-4976-A7C3-2E3E9BA1B593} = {EB700AFB-9D46-4C00-B280-5F56C00507AE}
		{89C7747B-8C1E-4F85-8631-ED46C150D40B} = {EB700AFB-9D46-4C00-B280-5F56C00507AE}
		{EE2102D0-5536-454C-9C81-54784B66F2EE} = {9E6F4087-A557-4098-9312-CA85D413F379}
		{DFDE7913-D3F5-4589-9F78-7DB5A3212ADE} = {9E6F4087-A557-4098-9312-CA85D413F379}
		{3BBAAEA2-F08D-4741-AB57-82C15C9CCE13} = {5D6271FD-F2B3-46A5-9EC4-9F02DF90B0BF}
		{BAEE247A-55FB-4F49-8074-E0A72FC73131} = {5D6271FD-F2B3-46A5-9EC4-9F02DF90B0BF}
		{F3FD0EB6-712A-4AC5-B309-A449FD549ACC} = {5D6271FD-F2B3-46A5-9EC4-9F02DF90B0BF}
		{CCAF896D-1794-4B57-A170-38210CD8679D} = {5D6271FD-F2B3-46A5-9EC4-9F02DF90B0BF}
		{C7048B35-AB88-414C-8D56-08B783B7F092} = {152C43FA-8D4E-47CA-83CA-00E5CAC0E442}
		{1C2D3C0B-FAB7-4C8A-8F6B-380C920E5A36} = {74E4C5FE-E5C5-452F-A4B8-18DD7BC9563F}
		{8D7A2E06-5078-4F19-8FD2-EFB6078D35C5} = {74E4C5FE-E5C5-452F-A4B8-18DD7BC9563F}
	EndGlobalSection
EndGlobal
